
Microsoft Visual Studio Solution File, Format Version 12.00
# Visual Studio Version 17
VisualStudioVersion = 17.6.33815.320
MinimumVisualStudioVersion = 10.0.40219.1
Project("{FAE04EC0-301F-11D3-BF4B-00C04F79EFBC}") = "FilmesApi", "FilmesApi.csproj", "{73D8C58B-6E74-4B72-8601-142D7284DBCB}"
EndProject
Global
	GlobalSection(SolutionConfigurationPlatforms) = preSolution
		Debug|Any CPU = Debug|Any CPU
		Release|Any CPU = Release|Any CPU
	EndGlobalSection
	GlobalSection(ProjectConfigurationPlatforms) = postSolution
		{73D8C58B-6E74-4B72-8601-142D7284DBCB}.Debug|Any CPU.ActiveCfg = Debug|Any CPU
		{73D8C58B-6E74-4B72-8601-142D7284DBCB}.Debug|Any CPU.Build.0 = Debug|Any CPU
		{73D8C58B-6E74-4B72-8601-142D7284DBCB}.Release|Any CPU.ActiveCfg = Release|Any CPU
		{73D8C58B-6E74-4B72-8601-142D7284DBCB}.Release|Any CPU.Build.0 = Release|Any CPU
	EndGlobalSection
	GlobalSection(SolutionProperties) = preSolution
		HideSolutionNode = FALSE
	EndGlobalSection
	GlobalSection(ExtensibilityGlobals) = postSolution
		SolutionGuid = {A4F33035-36D2-46B3-854A-49B5DC1A159F}
	EndGlobalSection
EndGlobal
